<?xml version="1.0" encoding="utf-8"?>
<Project ToolsVersion="4.0" xmlns="http://schemas.microsoft.com/developer/msbuild/2003">
  <ItemGroup>
    <Filter Include="소스 파일">
      <UniqueIdentifier>{4FC737F1-C7A5-4376-A066-2A32D752A2FF}</UniqueIdentifier>
      <Extensions>cpp;c;cc;cxx;c++;cppm;ixx;def;odl;idl;hpj;bat;asm;asmx</Extensions>
    </Filter>
    <Filter Include="헤더 파일">
      <UniqueIdentifier>{93995380-89BD-4b04-88EB-625FBE52EBFB}</UniqueIdentifier>
      <Extensions>h;hh;hpp;hxx;h++;hm;inl;inc;ipp;xsd</Extensions>
    </Filter>
    <Filter Include="리소스 파일">
      <UniqueIdentifier>{67DA6AB6-F800-4c08-8B7A-83BB121AAD01}</UniqueIdentifier>
      <Extensions>rc;ico;cur;bmp;dlg;rc2;rct;bin;rgs;gif;jpg;jpeg;jpe;resx;tiff;tif;png;wav;mfcribbon-ms</Extensions>
    </Filter>
    <Filter Include="소스 파일\DB">
      <UniqueIdentifier>{a88a90b9-d387-4ca2-b225-e6d92579f6f9}</UniqueIdentifier>
    </Filter>
    <Filter Include="소스 파일\DB\Helper">
      <UniqueIdentifier>{2a0227e8-a18d-49dc-8cd5-976348ca71b4}</UniqueIdentifier>
    </Filter>
    <Filter Include="소스 파일\Define">
      <UniqueIdentifier>{9c52823d-95b4-4307-acfc-6a12f8988cbc}</UniqueIdentifier>
    </Filter>
    <Filter Include="소스 파일\Log">
      <UniqueIdentifier>{3817dd6d-8b12-433c-919a-87a4185ea63d}</UniqueIdentifier>
    </Filter>
    <Filter Include="소스 파일\DB\Redis">
      <UniqueIdentifier>{c2621864-44cd-4262-b142-827715c7f69c}</UniqueIdentifier>
    </Filter>
    <Filter Include="소스 파일\DB\MYSQL">
      <UniqueIdentifier>{1dcd8adc-7782-46cd-a7bd-fdce1c9a8d59}</UniqueIdentifier>
    </Filter>
    <Filter Include="소스 파일\Protobuf">
      <UniqueIdentifier>{c59baf62-33c8-4e3e-a717-a3fc57a3360f}</UniqueIdentifier>
    </Filter>
    <Filter Include="소스 파일\DB\Manager">
      <UniqueIdentifier>{c00464cc-d5e4-4bce-b3c9-1572ddb790f8}</UniqueIdentifier>
    </Filter>
  </ItemGroup>
  <ItemGroup>
    <ClCompile Include="main.cpp">
      <Filter>소스 파일</Filter>
    </ClCompile>
    <ClCompile Include="src\AccountDBHelper.cpp">
      <Filter>소스 파일\DB\Helper</Filter>
    </ClCompile>
    <ClCompile Include="src\ErrorCode.h">
      <Filter>소스 파일\Define</Filter>
    </ClCompile>
    <ClCompile Include="src\Logger.cpp">
      <Filter>소스 파일\Log</Filter>
    </ClCompile>
    <ClCompile Include="src\DBExecutor.cpp">
      <Filter>소스 파일\DB\MYSQL</Filter>
    </ClCompile>
    <ClCompile Include="src\PreparedQuery.cpp">
      <Filter>소스 파일\DB\MYSQL</Filter>
    </ClCompile>
    <ClCompile Include="src\RedisClient.cpp">
      <Filter>소스 파일\DB\Redis</Filter>
    </ClCompile>
    <ClCompile Include="src\protobuf\protocol_1.pb.cc">
      <Filter>소스 파일\Protobuf</Filter>
    </ClCompile>
    <ClCompile Include="src\DBManager.cpp">
      <Filter>소스 파일\DB\Manager</Filter>
    </ClCompile>
  </ItemGroup>
  <ItemGroup>
    <ClInclude Include="src\AccountDBHelper.h">
      <Filter>소스 파일\DB\Helper</Filter>
    </ClInclude>
    <ClInclude Include="src\Error.h">
      <Filter>소스 파일\Define</Filter>
    </ClInclude>
    <ClInclude Include="src\Logger.h">
      <Filter>소스 파일\Log</Filter>
    </ClInclude>
    <ClInclude Include="src\DBExecutor.h">
      <Filter>소스 파일\DB\MYSQL</Filter>
    </ClInclude>
    <ClInclude Include="src\DBQueryResult.h">
      <Filter>소스 파일\DB\MYSQL</Filter>
    </ClInclude>
    <ClInclude Include="src\DBResult.h">
      <Filter>소스 파일\DB\MYSQL</Filter>
    </ClInclude>
    <ClInclude Include="src\DBResultSet.h">
      <Filter>소스 파일\DB\MYSQL</Filter>
    </ClInclude>
    <ClInclude Include="src\DBRow.h">
      <Filter>소스 파일\DB\MYSQL</Filter>
    </ClInclude>
    <ClInclude Include="src\PreparedQuery.h">
      <Filter>소스 파일\DB\MYSQL</Filter>
    </ClInclude>
    <ClInclude Include="src\RedisClient.h">
      <Filter>소스 파일\DB\Redis</Filter>
    </ClInclude>
    <ClInclude Include="src\protobuf\protocol_1.pb.h">
      <Filter>소스 파일\Protobuf</Filter>
    </ClInclude>
    <ClInclude Include="src\DBManager.h">
      <Filter>소스 파일\DB\Manager</Filter>
    </ClInclude>
  </ItemGroup>
</Project>